<?xml version="1.0" encoding="utf-8"?>
<Project ToolsVersion="4.0" xmlns="http://schemas.microsoft.com/developer/msbuild/2003">
  <ItemGroup>
    <Filter Include="Resources">
      <UniqueIdentifier>6fc1f2a0-eff2-4a8a-9739-026960be280d</UniqueIdentifier>
      <Extensions>rc;ico;cur;bmp;dlg;rc2;rct;bin;rgs;gif;jpg;jpeg;jpe;resx;tiff;tif;png;wav;mfcribbon-ms</Extensions>
    </Filter>
  </ItemGroup>
  <ItemGroup>
    <ClInclude Include="pch.h" />
    <ClInclude Include="XAudio2Object.h" />
    <ClInclude Include="DXHelper.h" />
    <ClInclude Include="XAudio2Processor.h" />
    <ClInclude Include="XAudio2EngineCallback.h" />
    <ClInclude Include="XAudio2MasteringVoice.h" />
    <ClInclude Include="XAudio2VoiceDetails.h" />
  </ItemGroup>
  <ItemGroup>
    <ClCompile Include="pch.cpp" />
    <ClCompile Include="XAudio2Object.cpp" />
    <ClCompile Include="XAudio2EngineCallback.cpp" />
    <ClCompile Include="XAudio2MasteringVoice.cpp" />
    <ClCompile Include="XAudio2VoiceDetails.cpp" />
  </ItemGroup>
</Project>